
Microsoft Visual Studio Solution File, Format Version 12.00
# Visual Studio Version 17
VisualStudioVersion = 17.7.34018.315
MinimumVisualStudioVersion = 10.0.40219.1
Project("{FAE04EC0-301F-11D3-BF4B-00C04F79EFBC}") = "BL", "BL\BL.csproj", "{CF79A75D-D349-41C5-92DD-4752FA6B9A6D}"
EndProject
Project("{FAE04EC0-301F-11D3-BF4B-00C04F79EFBC}") = "ML", "ML\ML.csproj", "{CDA848E5-9E5F-46A3-8060-1C575C50B33B}"
EndProject
Project("{FAE04EC0-301F-11D3-BF4B-00C04F79EFBC}") = "DL", "DL\DL.csproj", "{EA1DC15D-1D85-4BDF-A83A-AC4AC365CEF3}"
EndProject
Project("{FAE04EC0-301F-11D3-BF4B-00C04F79EFBC}") = "SL", "SL\SL.csproj", "{45FADF5F-E501-4748-8339-D7AB199DF649}"
EndProject
Project("{FAE04EC0-301F-11D3-BF4B-00C04F79EFBC}") = "PL", "PL\PL.csproj", "{ADD02D5C-F680-4E45-BE7A-F5CD56B4242A}"
EndProject
Global
	GlobalSection(SolutionConfigurationPlatforms) = preSolution
		Debug|Any CPU = Debug|Any CPU
		Release|Any CPU = Release|Any CPU
	EndGlobalSection
	GlobalSection(ProjectConfigurationPlatforms) = postSolution
		{CF79A75D-D349-41C5-92DD-4752FA6B9A6D}.Debug|Any CPU.ActiveCfg = Debug|Any CPU
		{CF79A75D-D349-41C5-92DD-4752FA6B9A6D}.Debug|Any CPU.Build.0 = Debug|Any CPU
		{CF79A75D-D349-41C5-92DD-4752FA6B9A6D}.Release|Any CPU.ActiveCfg = Release|Any CPU
		{CF79A75D-D349-41C5-92DD-4752FA6B9A6D}.Release|Any CPU.Build.0 = Release|Any CPU
		{CDA848E5-9E5F-46A3-8060-1C575C50B33B}.Debug|Any CPU.ActiveCfg = Debug|Any CPU
		{CDA848E5-9E5F-46A3-8060-1C575C50B33B}.Debug|Any CPU.Build.0 = Debug|Any CPU
		{CDA848E5-9E5F-46A3-8060-1C575C50B33B}.Release|Any CPU.ActiveCfg = Release|Any CPU
		{CDA848E5-9E5F-46A3-8060-1C575C50B33B}.Release|Any CPU.Build.0 = Release|Any CPU
		{EA1DC15D-1D85-4BDF-A83A-AC4AC365CEF3}.Debug|Any CPU.ActiveCfg = Debug|Any CPU
		{EA1DC15D-1D85-4BDF-A83A-AC4AC365CEF3}.Debug|Any CPU.Build.0 = Debug|Any CPU
		{EA1DC15D-1D85-4BDF-A83A-AC4AC365CEF3}.Release|Any CPU.ActiveCfg = Release|Any CPU
		{EA1DC15D-1D85-4BDF-A83A-AC4AC365CEF3}.Release|Any CPU.Build.0 = Release|Any CPU
		{45FADF5F-E501-4748-8339-D7AB199DF649}.Debug|Any CPU.ActiveCfg = Debug|Any CPU
		{45FADF5F-E501-4748-8339-D7AB199DF649}.Debug|Any CPU.Build.0 = Debug|Any CPU
		{45FADF5F-E501-4748-8339-D7AB199DF649}.Release|Any CPU.ActiveCfg = Release|Any CPU
		{45FADF5F-E501-4748-8339-D7AB199DF649}.Release|Any CPU.Build.0 = Release|Any CPU
		{ADD02D5C-F680-4E45-BE7A-F5CD56B4242A}.Debug|Any CPU.ActiveCfg = Debug|Any CPU
		{ADD02D5C-F680-4E45-BE7A-F5CD56B4242A}.Debug|Any CPU.Build.0 = Debug|Any CPU
		{ADD02D5C-F680-4E45-BE7A-F5CD56B4242A}.Release|Any CPU.ActiveCfg = Release|Any CPU
		{ADD02D5C-F680-4E45-BE7A-F5CD56B4242A}.Release|Any CPU.Build.0 = Release|Any CPU
	EndGlobalSection
	GlobalSection(SolutionProperties) = preSolution
		HideSolutionNode = FALSE
	EndGlobalSection
	GlobalSection(ExtensibilityGlobals) = postSolution
		SolutionGuid = {95111042-C851-44D7-8745-AB6A6D3F0089}
	EndGlobalSection
EndGlobal
